// !$*UTF8*$!
{
	archiveVersion = 1;
	classes = {
	};
	objectVersion = 50;
	objects = {

/* Begin PBXBuildFile section */
		9727CC04213C75C90085A101 /* AppDelegate.swift in Sources */ = {isa = PBXBuildFile; fileRef = 9727CC03213C75C90085A101 /* AppDelegate.swift */; };
		9727CC06213C75C90085A101 /* ViewController.swift in Sources */ = {isa = PBXBuildFile; fileRef = 9727CC05213C75C90085A101 /* ViewController.swift */; };
		9727CC09213C75C90085A101 /* Main.storyboard in Resources */ = {isa = PBXBuildFile; fileRef = 9727CC07213C75C90085A101 /* Main.storyboard */; };
		9727CC0C213C75C90085A101 /* golfstats.xcdatamodeld in Sources */ = {isa = PBXBuildFile; fileRef = 9727CC0A213C75C90085A101 /* golfstats.xcdatamodeld */; };
		9727CC0E213C75CD0085A101 /* Assets.xcassets in Resources */ = {isa = PBXBuildFile; fileRef = 9727CC0D213C75CD0085A101 /* Assets.xcassets */; };
		9727CC11213C75CD0085A101 /* LaunchScreen.storyboard in Resources */ = {isa = PBXBuildFile; fileRef = 9727CC0F213C75CD0085A101 /* LaunchScreen.storyboard */; };
		9727CC1C213C75CD0085A101 /* golfstatsTests.swift in Sources */ = {isa = PBXBuildFile; fileRef = 9727CC1B213C75CD0085A101 /* golfstatsTests.swift */; };
		9727CC27213C75CD0085A101 /* golfstatsUITests.swift in Sources */ = {isa = PBXBuildFile; fileRef = 9727CC26213C75CD0085A101 /* golfstatsUITests.swift */; };
/* End PBXBuildFile section */

/* Begin PBXContainerItemProxy section */
		9727CC18213C75CD0085A101 /* PBXContainerItemProxy */ = {
			isa = PBXContainerItemProxy;
			containerPortal = 9727CBF8213C75C90085A101 /* Project object */;
			proxyType = 1;
			remoteGlobalIDString = 9727CBFF213C75C90085A101;
			remoteInfo = golfstats;
		};
		9727CC23213C75CD0085A101 /* PBXContainerItemProxy */ = {
			isa = PBXContainerItemProxy;
			containerPortal = 9727CBF8213C75C90085A101 /* Project object */;
			proxyType = 1;
			remoteGlobalIDString = 9727CBFF213C75C90085A101;
			remoteInfo = golfstats;
		};
/* End PBXContainerItemProxy section */

/* Begin PBXFileReference section */
		9727CC00213C75C90085A101 /* golfstats.app */ = {isa = PBXFileReference; explicitFileType = wrapper.application; includeInIndex = 0; path = golfstats.app; sourceTree = BUILT_PRODUCTS_DIR; };
		9727CC03213C75C90085A101 /* AppDelegate.swift */ = {isa = PBXFileReference; lastKnownFileType = sourcecode.swift; path = AppDelegate.swift; sourceTree = "<group>"; };
		9727CC05213C75C90085A101 /* ViewController.swift */ = {isa = PBXFileReference; lastKnownFileType = sourcecode.swift; path = ViewController.swift; sourceTree = "<group>"; };
		9727CC08213C75C90085A101 /* Base */ = {isa = PBXFileReference; lastKnownFileType = file.storyboard; name = Base; path = Base.lproj/Main.storyboard; sourceTree = "<group>"; };
		9727CC0B213C75C90085A101 /* golfstats.xcdatamodel */ = {isa = PBXFileReference; lastKnownFileType = wrapper.xcdatamodel; path = golfstats.xcdatamodel; sourceTree = "<group>"; };
		9727CC0D213C75CD0085A101 /* Assets.xcassets */ = {isa = PBXFileReference; lastKnownFileType = folder.assetcatalog; path = Assets.xcassets; sourceTree = "<group>"; };
		9727CC10213C75CD0085A101 /* Base */ = {isa = PBXFileReference; lastKnownFileType = file.storyboard; name = Base; path = Base.lproj/LaunchScreen.storyboard; sourceTree = "<group>"; };
		9727CC12213C75CD0085A101 /* Info.plist */ = {isa = PBXFileReference; lastKnownFileType = text.plist.xml; path = Info.plist; sourceTree = "<group>"; };
		9727CC17213C75CD0085A101 /* golfstatsTests.xctest */ = {isa = PBXFileReference; explicitFileType = wrapper.cfbundle; includeInIndex = 0; path = golfstatsTests.xctest; sourceTree = BUILT_PRODUCTS_DIR; };
		9727CC1B213C75CD0085A101 /* golfstatsTests.swift */ = {isa = PBXFileReference; lastKnownFileType = sourcecode.swift; path = golfstatsTests.swift; sourceTree = "<group>"; };
		9727CC1D213C75CD0085A101 /* Info.plist */ = {isa = PBXFileReference; lastKnownFileType = text.plist.xml; path = Info.plist; sourceTree = "<group>"; };
		9727CC22213C75CD0085A101 /* golfstatsUITests.xctest */ = {isa = PBXFileReference; explicitFileType = wrapper.cfbundle; includeInIndex = 0; path = golfstatsUITests.xctest; sourceTree = BUILT_PRODUCTS_DIR; };
		9727CC26213C75CD0085A101 /* golfstatsUITests.swift */ = {isa = PBXFileReference; lastKnownFileType = sourcecode.swift; path = golfstatsUITests.swift; sourceTree = "<group>"; };
		9727CC28213C75CD0085A101 /* Info.plist */ = {isa = PBXFileReference; lastKnownFileType = text.plist.xml; path = Info.plist; sourceTree = "<group>"; };
/* End PBXFileReference section */

/* Begin PBXFrameworksBuildPhase section */
		9727CBFD213C75C90085A101 /* Frameworks */ = {
			isa = PBXFrameworksBuildPhase;
			buildActionMask = 2147483647;
			files = (
			);
			runOnlyForDeploymentPostprocessing = 0;
		};
		9727CC14213C75CD0085A101 /* Frameworks */ = {
			isa = PBXFrameworksBuildPhase;
			buildActionMask = 2147483647;
			files = (
			);
			runOnlyForDeploymentPostprocessing = 0;
		};
		9727CC1F213C75CD0085A101 /* Frameworks */ = {
			isa = PBXFrameworksBuildPhase;
			buildActionMask = 2147483647;
			files = (
			);
			runOnlyForDeploymentPostprocessing = 0;
		};
/* End PBXFrameworksBuildPhase section */

/* Begin PBXGroup section */
		9727CBF7213C75C90085A101 = {
			isa = PBXGroup;
			children = (
				9727CC02213C75C90085A101 /* golfstats */,
				9727CC1A213C75CD0085A101 /* golfstatsTests */,
				9727CC25213C75CD0085A101 /* golfstatsUITests */,
				9727CC01213C75C90085A101 /* Products */,
			);
			sourceTree = "<group>";
		};
		9727CC01213C75C90085A101 /* Products */ = {
			isa = PBXGroup;
			children = (
				9727CC00213C75C90085A101 /* golfstats.app */,
				9727CC17213C75CD0085A101 /* golfstatsTests.xctest */,
				9727CC22213C75CD0085A101 /* golfstatsUITests.xctest */,
			);
			name = Products;
			sourceTree = "<group>";
		};
		9727CC02213C75C90085A101 /* golfstats */ = {
			isa = PBXGroup;
			children = (
				9727CC03213C75C90085A101 /* AppDelegate.swift */,
				9727CC05213C75C90085A101 /* ViewController.swift */,
				9727CC07213C75C90085A101 /* Main.storyboard */,
				9727CC0D213C75CD0085A101 /* Assets.xcassets */,
				9727CC0F213C75CD0085A101 /* LaunchScreen.storyboard */,
				9727CC12213C75CD0085A101 /* Info.plist */,
				9727CC0A213C75C90085A101 /* golfstats.xcdatamodeld */,
			);
			path = golfstats;
			sourceTree = "<group>";
		};
		9727CC1A213C75CD0085A101 /* golfstatsTests */ = {
			isa = PBXGroup;
			children = (
				9727CC1B213C75CD0085A101 /* golfstatsTests.swift */,
				9727CC1D213C75CD0085A101 /* Info.plist */,
			);
			path = golfstatsTests;
			sourceTree = "<group>";
		};
		9727CC25213C75CD0085A101 /* golfstatsUITests */ = {
			isa = PBXGroup;
			children = (
				9727CC26213C75CD0085A101 /* golfstatsUITests.swift */,
				9727CC28213C75CD0085A101 /* Info.plist */,
			);
			path = golfstatsUITests;
			sourceTree = "<group>";
		};
/* End PBXGroup section */

/* Begin PBXNativeTarget section */
		9727CBFF213C75C90085A101 /* golfstats */ = {
			isa = PBXNativeTarget;
			buildConfigurationList = 9727CC2B213C75CD0085A101 /* Build configuration list for PBXNativeTarget "golfstats" */;
			buildPhases = (
				9727CBFC213C75C90085A101 /* Sources */,
				9727CBFD213C75C90085A101 /* Frameworks */,
				9727CBFE213C75C90085A101 /* Resources */,
			);
			buildRules = (
			);
			dependencies = (
			);
			name = golfstats;
			productName = golfstats;
			productReference = 9727CC00213C75C90085A101 /* golfstats.app */;
			productType = "com.apple.product-type.application";
		};
		9727CC16213C75CD0085A101 /* golfstatsTests */ = {
			isa = PBXNativeTarget;
			buildConfigurationList = 9727CC2E213C75CD0085A101 /* Build configuration list for PBXNativeTarget "golfstatsTests" */;
			buildPhases = (
				9727CC13213C75CD0085A101 /* Sources */,
				9727CC14213C75CD0085A101 /* Frameworks */,
				9727CC15213C75CD0085A101 /* Resources */,
			);
			buildRules = (
			);
			dependencies = (
				9727CC19213C75CD0085A101 /* PBXTargetDependency */,
			);
			name = golfstatsTests;
			productName = golfstatsTests;
			productReference = 9727CC17213C75CD0085A101 /* golfstatsTests.xctest */;
			productType = "com.apple.product-type.bundle.unit-test";
		};
		9727CC21213C75CD0085A101 /* golfstatsUITests */ = {
			isa = PBXNativeTarget;
			buildConfigurationList = 9727CC31213C75CD0085A101 /* Build configuration list for PBXNativeTarget "golfstatsUITests" */;
			buildPhases = (
				9727CC1E213C75CD0085A101 /* Sources */,
				9727CC1F213C75CD0085A101 /* Frameworks */,
				9727CC20213C75CD0085A101 /* Resources */,
			);
			buildRules = (
			);
			dependencies = (
				9727CC24213C75CD0085A101 /* PBXTargetDependency */,
			);
			name = golfstatsUITests;
			productName = golfstatsUITests;
			productReference = 9727CC22213C75CD0085A101 /* golfstatsUITests.xctest */;
			productType = "com.apple.product-type.bundle.ui-testing";
		};
/* End PBXNativeTarget section */

/* Begin PBXProject section */
		9727CBF8213C75C90085A101 /* Project object */ = {
			isa = PBXProject;
			attributes = {
				LastSwiftUpdateCheck = 0940;
				LastUpgradeCheck = 0940;
				ORGANIZATIONNAME = mystats;
				TargetAttributes = {
					9727CBFF213C75C90085A101 = {
						CreatedOnToolsVersion = 9.4.1;
					};
					9727CC16213C75CD0085A101 = {
						CreatedOnToolsVersion = 9.4.1;
						TestTargetID = 9727CBFF213C75C90085A101;
					};
					9727CC21213C75CD0085A101 = {
						CreatedOnToolsVersion = 9.4.1;
						TestTargetID = 9727CBFF213C75C90085A101;
					};
				};
			};
			buildConfigurationList = 9727CBFB213C75C90085A101 /* Build configuration list for PBXProject "golfstats" */;
			compatibilityVersion = "Xcode 9.3";
			developmentRegion = en;
			hasScannedForEncodings = 0;
			knownRegions = (
				en,
				Base,
			);
			mainGroup = 9727CBF7213C75C90085A101;
			productRefGroup = 9727CC01213C75C90085A101 /* Products */;
			projectDirPath = "";
			projectRoot = "";
			targets = (
				9727CBFF213C75C90085A101 /* golfstats */,
				9727CC16213C75CD0085A101 /* golfstatsTests */,
				9727CC21213C75CD0085A101 /* golfstatsUITests */,
			);
		};
/* End PBXProject section */

/* Begin PBXResourcesBuildPhase section */
		9727CBFE213C75C90085A101 /* Resources */ = {
			isa = PBXResourcesBuildPhase;
			buildActionMask = 2147483647;
			files = (
				9727CC11213C75CD0085A101 /* LaunchScreen.storyboard in Resources */,
				9727CC0E213C75CD0085A101 /* Assets.xcassets in Resources */,
				9727CC09213C75C90085A101 /* Main.storyboard in Resources */,
			);
			runOnlyForDeploymentPostprocessing = 0;
		};
		9727CC15213C75CD0085A101 /* Resources */ = {
			isa = PBXResourcesBuildPhase;
			buildActionMask = 2147483647;
			files = (
			);
			runOnlyForDeploymentPostprocessing = 0;
		};
		9727CC20213C75CD0085A101 /* Resources */ = {
			isa = PBXResourcesBuildPhase;
			buildActionMask = 2147483647;
			files = (
			);
			runOnlyForDeploymentPostprocessing = 0;
		};
/* End PBXResourcesBuildPhase section */

/* Begin PBXSourcesBuildPhase section */
		9727CBFC213C75C90085A101 /* Sources */ = {
			isa = PBXSourcesBuildPhase;
			buildActionMask = 2147483647;
			files = (
				9727CC0C213C75C90085A101 /* golfstats.xcdatamodeld in Sources */,
				9727CC06213C75C90085A101 /* ViewController.swift in Sources */,
				9727CC04213C75C90085A101 /* AppDelegate.swift in Sources */,
			);
			runOnlyForDeploymentPostprocessing = 0;
		};
		9727CC13213C75CD0085A101 /* Sources */ = {
			isa = PBXSourcesBuildPhase;
			buildActionMask = 2147483647;
			files = (
				9727CC1C213C75CD0085A101 /* golfstatsTests.swift in Sources */,
			);
			runOnlyForDeploymentPostprocessing = 0;
		};
		9727CC1E213C75CD0085A101 /* Sources */ = {
			isa = PBXSourcesBuildPhase;
			buildActionMask = 2147483647;
			files = (
				9727CC27213C75CD0085A101 /* golfstatsUITests.swift in Sources */,
			);
			runOnlyForDeploymentPostprocessing = 0;
		};
/* End PBXSourcesBuildPhase section */

/* Begin PBXTargetDependency section */
		9727CC19213C75CD0085A101 /* PBXTargetDependency */ = {
			isa = PBXTargetDependency;
			target = 9727CBFF213C75C90085A101 /* golfstats */;
			targetProxy = 9727CC18213C75CD0085A101 /* PBXContainerItemProxy */;
		};
		9727CC24213C75CD0085A101 /* PBXTargetDependency */ = {
			isa = PBXTargetDependency;
			target = 9727CBFF213C75C90085A101 /* golfstats */;
			targetProxy = 9727CC23213C75CD0085A101 /* PBXContainerItemProxy */;
		};
/* End PBXTargetDependency section */

/* Begin PBXVariantGroup section */
		9727CC07213C75C90085A101 /* Main.storyboard */ = {
			isa = PBXVariantGroup;
			children = (
				9727CC08213C75C90085A101 /* Base */,
			);
			name = Main.storyboard;
			sourceTree = "<group>";
		};
		9727CC0F213C75CD0085A101 /* LaunchScreen.storyboard */ = {
			isa = PBXVariantGroup;
			children = (
				9727CC10213C75CD0085A101 /* Base */,
			);
			name = LaunchScreen.storyboard;
			sourceTree = "<group>";
		};
/* End PBXVariantGroup section */

/* Begin XCBuildConfiguration section */
		9727CC29213C75CD0085A101 /* Debug */ = {
			isa = XCBuildConfiguration;
			buildSettings = {
				ALWAYS_SEARCH_USER_PATHS = NO;
				CLANG_ANALYZER_NONNULL = YES;
				CLANG_ANALYZER_NUMBER_OBJECT_CONVERSION = YES_AGGRESSIVE;
				CLANG_CXX_LANGUAGE_STANDARD = "gnu++14";
				CLANG_CXX_LIBRARY = "libc++";
				CLANG_ENABLE_MODULES = YES;
				CLANG_ENABLE_OBJC_ARC = YES;
				CLANG_ENABLE_OBJC_WEAK = YES;
				CLANG_WARN_BLOCK_CAPTURE_AUTORELEASING = YES;
				CLANG_WARN_BOOL_CONVERSION = YES;
				CLANG_WARN_COMMA = YES;
				CLANG_WARN_CONSTANT_CONVERSION = YES;
				CLANG_WARN_DEPRECATED_OBJC_IMPLEMENTATIONS = YES;
				CLANG_WARN_DIRECT_OBJC_ISA_USAGE = YES_ERROR;
				CLANG_WARN_DOCUMENTATION_COMMENTS = YES;
				CLANG_WARN_EMPTY_BODY = YES;
				CLANG_WARN_ENUM_CONVERSION = YES;
				CLANG_WARN_INFINITE_RECURSION = YES;
				CLANG_WARN_INT_CONVERSION = YES;
				CLANG_WARN_NON_LITERAL_NULL_CONVERSION = YES;
				CLANG_WARN_OBJC_IMPLICIT_RETAIN_SELF = YES;
				CLANG_WARN_OBJC_LITERAL_CONVERSION = YES;
				CLANG_WARN_OBJC_ROOT_CLASS = YES_ERROR;
				CLANG_WARN_RANGE_LOOP_ANALYSIS = YES;
				CLANG_WARN_STRICT_PROTOTYPES = YES;
				CLANG_WARN_SUSPICIOUS_MOVE = YES;
				CLANG_WARN_UNGUARDED_AVAILABILITY = YES_AGGRESSIVE;
				CLANG_WARN_UNREACHABLE_CODE = YES;
				CLANG_WARN__DUPLICATE_METHOD_MATCH = YES;
				CODE_SIGN_IDENTITY = "iPhone Developer";
				COPY_PHASE_STRIP = NO;
				DEBUG_INFORMATION_FORMAT = dwarf;
				ENABLE_STRICT_OBJC_MSGSEND = YES;
				ENABLE_TESTABILITY = YES;
				GCC_C_LANGUAGE_STANDARD = gnu11;
				GCC_DYNAMIC_NO_PIC = NO;
				GCC_NO_COMMON_BLOCKS = YES;
				GCC_OPTIMIZATION_LEVEL = 0;
				GCC_PREPROCESSOR_DEFINITIONS = (
					"DEBUG=1",
					"$(inherited)",
				);
				GCC_WARN_64_TO_32_BIT_CONVERSION = YES;
				GCC_WARN_ABOUT_RETURN_TYPE = YES_ERROR;
				GCC_WARN_UNDECLARED_SELECTOR = YES;
				GCC_WARN_UNINITIALIZED_AUTOS = YES_AGGRESSIVE;
				GCC_WARN_UNUSED_FUNCTION = YES;
				GCC_WARN_UNUSED_VARIABLE = YES;
				IPHONEOS_DEPLOYMENT_TARGET = 11.4;
				MTL_ENABLE_DEBUG_INFO = YES;
				ONLY_ACTIVE_ARCH = YES;
				SDKROOT = iphoneos;
				SWIFT_ACTIVE_COMPILATION_CONDITIONS = DEBUG;
				SWIFT_OPTIMIZATION_LEVEL = "-Onone";
			};
			name = Debug;
		};
		9727CC2A213C75CD0085A101 /* Release */ = {
			isa = XCBuildConfiguration;
			buildSettings = {
				ALWAYS_SEARCH_USER_PATHS = NO;
				CLANG_ANALYZER_NONNULL = YES;
				CLANG_ANALYZER_NUMBER_OBJECT_CONVERSION = YES_AGGRESSIVE;
				CLANG_CXX_LANGUAGE_STANDARD = "gnu++14";
				CLANG_CXX_LIBRARY = "libc++";
				CLANG_ENABLE_MODULES = YES;
				CLANG_ENABLE_OBJC_ARC = YES;
				CLANG_ENABLE_OBJC_WEAK = YES;
				CLANG_WARN_BLOCK_CAPTURE_AUTORELEASING = YES;
				CLANG_WARN_BOOL_CONVERSION = YES;
				CLANG_WARN_COMMA = YES;
				CLANG_WARN_CONSTANT_CONVERSION = YES;
				CLANG_WARN_DEPRECATED_OBJC_IMPLEMENTATIONS = YES;
				CLANG_WARN_DIRECT_OBJC_ISA_USAGE = YES_ERROR;
				CLANG_WARN_DOCUMENTATION_COMMENTS = YES;
				CLANG_WARN_EMPTY_BODY = YES;
				CLANG_WARN_ENUM_CONVERSION = YES;
				CLANG_WARN_INFINITE_RECURSION = YES;
				CLANG_WARN_INT_CONVERSION = YES;
				CLANG_WARN_NON_LITERAL_NULL_CONVERSION = YES;
				CLANG_WARN_OBJC_IMPLICIT_RETAIN_SELF = YES;
				CLANG_WARN_OBJC_LITERAL_CONVERSION = YES;
				CLANG_WARN_OBJC_ROOT_CLASS = YES_ERROR;
				CLANG_WARN_RANGE_LOOP_ANALYSIS = YES;
				CLANG_WARN_STRICT_PROTOTYPES = YES;
				CLANG_WARN_SUSPICIOUS_MOVE = YES;
				CLANG_WARN_UNGUARDED_AVAILABILITY = YES_AGGRESSIVE;
				CLANG_WARN_UNREACHABLE_CODE = YES;
				CLANG_WARN__DUPLICATE_METHOD_MATCH = YES;
				CODE_SIGN_IDENTITY = "iPhone Developer";
				COPY_PHASE_STRIP = NO;
				DEBUG_INFORMATION_FORMAT = "dwarf-with-dsym";
				ENABLE_NS_ASSERTIONS = NO;
				ENABLE_STRICT_OBJC_MSGSEND = YES;
				GCC_C_LANGUAGE_STANDARD = gnu11;
				GCC_NO_COMMON_BLOCKS = YES;
				GCC_WARN_64_TO_32_BIT_CONVERSION = YES;
				GCC_WARN_ABOUT_RETURN_TYPE = YES_ERROR;
				GCC_WARN_UNDECLARED_SELECTOR = YES;
				GCC_WARN_UNINITIALIZED_AUTOS = YES_AGGRESSIVE;
				GCC_WARN_UNUSED_FUNCTION = YES;
				GCC_WARN_UNUSED_VARIABLE = YES;
				IPHONEOS_DEPLOYMENT_TARGET = 11.4;
				MTL_ENABLE_DEBUG_INFO = NO;
				SDKROOT = iphoneos;
				SWIFT_COMPILATION_MODE = wholemodule;
				SWIFT_OPTIMIZATION_LEVEL = "-O";
				VALIDATE_PRODUCT = YES;
			};
			name = Release;
		};
		9727CC2C213C75CD0085A101 /* Debug */ = {
			isa = XCBuildConfiguration;
			buildSettings = {
				ASSETCATALOG_COMPILER_APPICON_NAME = AppIcon;
				CODE_SIGN_STYLE = Automatic;
				DEVELOPMENT_TEAM = H7M28GQSKZ;
				INFOPLIST_FILE = golfstats/Info.plist;
				LD_RUNPATH_SEARCH_PATHS = (
					"$(inherited)",
					"@executable_path/Frameworks",
				);
				PRODUCT_BUNDLE_IDENTIFIER = com.mystats.golfstats;
				PRODUCT_NAME = "$(TARGET_NAME)";
				SWIFT_VERSION = 4.0;
				TARGETED_DEVICE_FAMILY = "1,2";
			};
			name = Debug;
		};
		9727CC2D213C75CD0085A101 /* Release */ = {
			isa = XCBuildConfiguration;
			buildSettings = {
				ASSETCATALOG_COMPILER_APPICON_NAME = AppIcon;
				CODE_SIGN_STYLE = Automatic;
				DEVELOPMENT_TEAM = H7M28GQSKZ;
				INFOPLIST_FILE = golfstats/Info.plist;
				LD_RUNPATH_SEARCH_PATHS = (
					"$(inherited)",
					"@executable_path/Frameworks",
				);
				PRODUCT_BUNDLE_IDENTIFIER = com.mystats.golfstats;
				PRODUCT_NAME = "$(TARGET_NAME)";
				SWIFT_VERSION = 4.0;
				TARGETED_DEVICE_FAMILY = "1,2";
			};
			name = Release;
		};
		9727CC2F213C75CD0085A101 /* Debug */ = {
			isa = XCBuildConfiguration;
			buildSettings = {
				ALWAYS_EMBED_SWIFT_STANDARD_LIBRARIES = YES;
				BUNDLE_LOADER = "$(TEST_HOST)";
				CODE_SIGN_STYLE = Automatic;
				DEVELOPMENT_TEAM = H7M28GQSKZ;
				INFOPLIST_FILE = golfstatsTests/Info.plist;
				LD_RUNPATH_SEARCH_PATHS = (
					"$(inherited)",
					"@executable_path/Frameworks",
					"@loader_path/Frameworks",
				);
				PRODUCT_BUNDLE_IDENTIFIER = com.mystats.golfstatsTests;
				PRODUCT_NAME = "$(TARGET_NAME)";
				SWIFT_VERSION = 4.0;
				TARGETED_DEVICE_FAMILY = "1,2";
				TEST_HOST = "$(BUILT_PRODUCTS_DIR)/golfstats.app/golfstats";
			};
			name = Debug;
		};
		9727CC30213C75CD0085A101 /* Release */ = {
			isa = XCBuildConfiguration;
			buildSettings = {
				ALWAYS_EMBED_SWIFT_STANDARD_LIBRARIES = YES;
				BUNDLE_LOADER = "$(TEST_HOST)";
				CODE_SIGN_STYLE = Automatic;
				DEVELOPMENT_TEAM = H7M28GQSKZ;
				INFOPLIST_FILE = golfstatsTests/Info.plist;
				LD_RUNPATH_SEARCH_PATHS = (
					"$(inherited)",
					"@executable_path/Frameworks",
					"@loader_path/Frameworks",
				);
				PRODUCT_BUNDLE_IDENTIFIER = com.mystats.golfstatsTests;
				PRODUCT_NAME = "$(TARGET_NAME)";
				SWIFT_VERSION = 4.0;
				TARGETED_DEVICE_FAMILY = "1,2";
				TEST_HOST = "$(BUILT_PRODUCTS_DIR)/golfstats.app/golfstats";
			};
			name = Release;
		};
		9727CC32213C75CD0085A101 /* Debug */ = {
			isa = XCBuildConfiguration;
			buildSettings = {
				ALWAYS_EMBED_SWIFT_STANDARD_LIBRARIES = YES;
				CODE_SIGN_STYLE = Automatic;
				DEVELOPMENT_TEAM = H7M28GQSKZ;
				INFOPLIST_FILE = golfstatsUITests/Info.plist;
				LD_RUNPATH_SEARCH_PATHS = (
					"$(inherited)",
					"@executable_path/Frameworks",
					"@loader_path/Frameworks",
				);
				PRODUCT_BUNDLE_IDENTIFIER = com.mystats.golfstatsUITests;
				PRODUCT_NAME = "$(TARGET_NAME)";
				SWIFT_VERSION = 4.0;
				TARGETED_DEVICE_FAMILY = "1,2";
				TEST_TARGET_NAME = golfstats;
			};
			name = Debug;
		};
		9727CC33213C75CD0085A101 /* Release */ = {
			isa = XCBuildConfiguration;
			buildSettings = {
				ALWAYS_EMBED_SWIFT_STANDARD_LIBRARIES = YES;
				CODE_SIGN_STYLE = Automatic;
				DEVELOPMENT_TEAM = H7M28GQSKZ;
				INFOPLIST_FILE = golfstatsUITests/Info.plist;
				LD_RUNPATH_SEARCH_PATHS = (
					"$(inherited)",
					"@executable_path/Frameworks",
					"@loader_path/Frameworks",
				);
				PRODUCT_BUNDLE_IDENTIFIER = com.mystats.golfstatsUITests;
				PRODUCT_NAME = "$(TARGET_NAME)";
				SWIFT_VERSION = 4.0;
				TARGETED_DEVICE_FAMILY = "1,2";
				TEST_TARGET_NAME = golfstats;
			};
			name = Release;
		};
/* End XCBuildConfiguration section */

/* Begin XCConfigurationList section */
		9727CBFB213C75C90085A101 /* Build configuration list for PBXProject "golfstats" */ = {
			isa = XCConfigurationList;
			buildConfigurations = (
				9727CC29213C75CD0085A101 /* Debug */,
				9727CC2A213C75CD0085A101 /* Release */,
			);
			defaultConfigurationIsVisible = 0;
			defaultConfigurationName = Release;
		};
		9727CC2B213C75CD0085A101 /* Build configuration list for PBXNativeTarget "golfstats" */ = {
			isa = XCConfigurationList;
			buildConfigurations = (
				9727CC2C213C75CD0085A101 /* Debug */,
				9727CC2D213C75CD0085A101 /* Release */,
			);
			defaultConfigurationIsVisible = 0;
			defaultConfigurationName = Release;
		};
		9727CC2E213C75CD0085A101 /* Build configuration list for PBXNativeTarget "golfstatsTests" */ = {
			isa = XCConfigurationList;
			buildConfigurations = (
				9727CC2F213C75CD0085A101 /* Debug */,
				9727CC30213C75CD0085A101 /* Release */,
			);
			defaultConfigurationIsVisible = 0;
			defaultConfigurationName = Release;
		};
		9727CC31213C75CD0085A101 /* Build configuration list for PBXNativeTarget "golfstatsUITests" */ = {
			isa = XCConfigurationList;
			buildConfigurations = (
				9727CC32213C75CD0085A101 /* Debug */,
				9727CC33213C75CD0085A101 /* Release */,
			);
			defaultConfigurationIsVisible = 0;
			defaultConfigurationName = Release;
		};
/* End XCConfigurationList section */

/* Begin XCVersionGroup section */
		9727CC0A213C75C90085A101 /* golfstats.xcdatamodeld */ = {
			isa = XCVersionGroup;
			children = (
				9727CC0B213C75C90085A101 /* golfstats.xcdatamodel */,
			);
			currentVersion = 9727CC0B213C75C90085A101 /* golfstats.xcdatamodel */;
			path = golfstats.xcdatamodeld;
			sourceTree = "<group>";
			versionGroupType = wrapper.xcdatamodel;
		};
/* End XCVersionGroup section */
	};
	rootObject = 9727CBF8213C75C90085A101 /* Project object */;
}
